// !$*UTF8*$!
{
	archiveVersion = 1;
	classes = {
	};
	objectVersion = 55;
	objects = {

/* Begin PBXBuildFile section */
		D36B71C427BCCF1300706337 /* AppDelegate.swift in Sources */ = {isa = PBXBuildFile; fileRef = D36B71C327BCCF1300706337 /* AppDelegate.swift */; };
		D36B71C627BCCF1300706337 /* SceneDelegate.swift in Sources */ = {isa = PBXBuildFile; fileRef = D36B71C527BCCF1300706337 /* SceneDelegate.swift */; };
		D36B71C827BCCF1300706337 /* ViewController.swift in Sources */ = {isa = PBXBuildFile; fileRef = D36B71C727BCCF1300706337 /* ViewController.swift */; };
		D36B71CB27BCCF1300706337 /* Main.storyboard in Resources */ = {isa = PBXBuildFile; fileRef = D36B71C927BCCF1300706337 /* Main.storyboard */; };
		D36B71CD27BCCF1400706337 /* Assets.xcassets in Resources */ = {isa = PBXBuildFile; fileRef = D36B71CC27BCCF1400706337 /* Assets.xcassets */; };
		D36B71D027BCCF1400706337 /* LaunchScreen.storyboard in Resources */ = {isa = PBXBuildFile; fileRef = D36B71CE27BCCF1400706337 /* LaunchScreen.storyboard */; };
		D36B71DB27BCCF1400706337 /* GitRepoDemoTests.swift in Sources */ = {isa = PBXBuildFile; fileRef = D36B71DA27BCCF1400706337 /* GitRepoDemoTests.swift */; };
		D36B71E527BCCF1400706337 /* GitRepoDemoUITests.swift in Sources */ = {isa = PBXBuildFile; fileRef = D36B71E427BCCF1400706337 /* GitRepoDemoUITests.swift */; };
		D36B71E727BCCF1400706337 /* GitRepoDemoUITestsLaunchTests.swift in Sources */ = {isa = PBXBuildFile; fileRef = D36B71E627BCCF1400706337 /* GitRepoDemoUITestsLaunchTests.swift */; };
/* End PBXBuildFile section */

/* Begin PBXContainerItemProxy section */
		D36B71D727BCCF1400706337 /* PBXContainerItemProxy */ = {
			isa = PBXContainerItemProxy;
			containerPortal = D36B71B827BCCF1300706337 /* Project object */;
			proxyType = 1;
			remoteGlobalIDString = D36B71BF27BCCF1300706337;
			remoteInfo = GitRepoDemo;
		};
		D36B71E127BCCF1400706337 /* PBXContainerItemProxy */ = {
			isa = PBXContainerItemProxy;
			containerPortal = D36B71B827BCCF1300706337 /* Project object */;
			proxyType = 1;
			remoteGlobalIDString = D36B71BF27BCCF1300706337;
			remoteInfo = GitRepoDemo;
		};
/* End PBXContainerItemProxy section */

/* Begin PBXFileReference section */
		D36B71C027BCCF1300706337 /* GitRepoDemo.app */ = {isa = PBXFileReference; explicitFileType = wrapper.application; includeInIndex = 0; path = GitRepoDemo.app; sourceTree = BUILT_PRODUCTS_DIR; };
		D36B71C327BCCF1300706337 /* AppDelegate.swift */ = {isa = PBXFileReference; lastKnownFileType = sourcecode.swift; path = AppDelegate.swift; sourceTree = "<group>"; };
		D36B71C527BCCF1300706337 /* SceneDelegate.swift */ = {isa = PBXFileReference; lastKnownFileType = sourcecode.swift; path = SceneDelegate.swift; sourceTree = "<group>"; };
		D36B71C727BCCF1300706337 /* ViewController.swift */ = {isa = PBXFileReference; lastKnownFileType = sourcecode.swift; path = ViewController.swift; sourceTree = "<group>"; };
		D36B71CA27BCCF1300706337 /* Base */ = {isa = PBXFileReference; lastKnownFileType = file.storyboard; name = Base; path = Base.lproj/Main.storyboard; sourceTree = "<group>"; };
		D36B71CC27BCCF1400706337 /* Assets.xcassets */ = {isa = PBXFileReference; lastKnownFileType = folder.assetcatalog; path = Assets.xcassets; sourceTree = "<group>"; };
		D36B71CF27BCCF1400706337 /* Base */ = {isa = PBXFileReference; lastKnownFileType = file.storyboard; name = Base; path = Base.lproj/LaunchScreen.storyboard; sourceTree = "<group>"; };
		D36B71D127BCCF1400706337 /* Info.plist */ = {isa = PBXFileReference; lastKnownFileType = text.plist.xml; path = Info.plist; sourceTree = "<group>"; };
		D36B71D627BCCF1400706337 /* GitRepoDemoTests.xctest */ = {isa = PBXFileReference; explicitFileType = wrapper.cfbundle; includeInIndex = 0; path = GitRepoDemoTests.xctest; sourceTree = BUILT_PRODUCTS_DIR; };
		D36B71DA27BCCF1400706337 /* GitRepoDemoTests.swift */ = {isa = PBXFileReference; lastKnownFileType = sourcecode.swift; path = GitRepoDemoTests.swift; sourceTree = "<group>"; };
		D36B71E027BCCF1400706337 /* GitRepoDemoUITests.xctest */ = {isa = PBXFileReference; explicitFileType = wrapper.cfbundle; includeInIndex = 0; path = GitRepoDemoUITests.xctest; sourceTree = BUILT_PRODUCTS_DIR; };
		D36B71E427BCCF1400706337 /* GitRepoDemoUITests.swift */ = {isa = PBXFileReference; lastKnownFileType = sourcecode.swift; path = GitRepoDemoUITests.swift; sourceTree = "<group>"; };
		D36B71E627BCCF1400706337 /* GitRepoDemoUITestsLaunchTests.swift */ = {isa = PBXFileReference; lastKnownFileType = sourcecode.swift; path = GitRepoDemoUITestsLaunchTests.swift; sourceTree = "<group>"; };
/* End PBXFileReference section */

/* Begin PBXFrameworksBuildPhase section */
		D36B71BD27BCCF1300706337 /* Frameworks */ = {
			isa = PBXFrameworksBuildPhase;
			buildActionMask = 2147483647;
			files = (
			);
			runOnlyForDeploymentPostprocessing = 0;
		};
		D36B71D327BCCF1400706337 /* Frameworks */ = {
			isa = PBXFrameworksBuildPhase;
			buildActionMask = 2147483647;
			files = (
			);
			runOnlyForDeploymentPostprocessing = 0;
		};
		D36B71DD27BCCF1400706337 /* Frameworks */ = {
			isa = PBXFrameworksBuildPhase;
			buildActionMask = 2147483647;
			files = (
			);
			runOnlyForDeploymentPostprocessing = 0;
		};
/* End PBXFrameworksBuildPhase section */

/* Begin PBXGroup section */
		D36B71B727BCCF1300706337 = {
			isa = PBXGroup;
			children = (
				D36B71C227BCCF1300706337 /* GitRepoDemo */,
				D36B71D927BCCF1400706337 /* GitRepoDemoTests */,
				D36B71E327BCCF1400706337 /* GitRepoDemoUITests */,
				D36B71C127BCCF1300706337 /* Products */,
			);
			sourceTree = "<group>";
		};
		D36B71C127BCCF1300706337 /* Products */ = {
			isa = PBXGroup;
			children = (
				D36B71C027BCCF1300706337 /* GitRepoDemo.app */,
				D36B71D627BCCF1400706337 /* GitRepoDemoTests.xctest */,
				D36B71E027BCCF1400706337 /* GitRepoDemoUITests.xctest */,
			);
			name = Products;
			sourceTree = "<group>";
		};
		D36B71C227BCCF1300706337 /* GitRepoDemo */ = {
			isa = PBXGroup;
			children = (
				D36B71C327BCCF1300706337 /* AppDelegate.swift */,
				D36B71C527BCCF1300706337 /* SceneDelegate.swift */,
				D36B71C727BCCF1300706337 /* ViewController.swift */,
				D36B71C927BCCF1300706337 /* Main.storyboard */,
				D36B71CC27BCCF1400706337 /* Assets.xcassets */,
				D36B71CE27BCCF1400706337 /* LaunchScreen.storyboard */,
				D36B71D127BCCF1400706337 /* Info.plist */,
			);
			path = GitRepoDemo;
			sourceTree = "<group>";
		};
		D36B71D927BCCF1400706337 /* GitRepoDemoTests */ = {
			isa = PBXGroup;
			children = (
				D36B71DA27BCCF1400706337 /* GitRepoDemoTests.swift */,
			);
			path = GitRepoDemoTests;
			sourceTree = "<group>";
		};
		D36B71E327BCCF1400706337 /* GitRepoDemoUITests */ = {
			isa = PBXGroup;
			children = (
				D36B71E427BCCF1400706337 /* GitRepoDemoUITests.swift */,
				D36B71E627BCCF1400706337 /* GitRepoDemoUITestsLaunchTests.swift */,
			);
			path = GitRepoDemoUITests;
			sourceTree = "<group>";
		};
/* End PBXGroup section */

/* Begin PBXNativeTarget section */
		D36B71BF27BCCF1300706337 /* GitRepoDemo */ = {
			isa = PBXNativeTarget;
			buildConfigurationList = D36B71EA27BCCF1400706337 /* Build configuration list for PBXNativeTarget "GitRepoDemo" */;
			buildPhases = (
				D36B71BC27BCCF1300706337 /* Sources */,
				D36B71BD27BCCF1300706337 /* Frameworks */,
				D36B71BE27BCCF1300706337 /* Resources */,
			);
			buildRules = (
			);
			dependencies = (
			);
			name = GitRepoDemo;
			productName = GitRepoDemo;
			productReference = D36B71C027BCCF1300706337 /* GitRepoDemo.app */;
			productType = "com.apple.product-type.application";
		};
		D36B71D527BCCF1400706337 /* GitRepoDemoTests */ = {
			isa = PBXNativeTarget;
			buildConfigurationList = D36B71ED27BCCF1400706337 /* Build configuration list for PBXNativeTarget "GitRepoDemoTests" */;
			buildPhases = (
				D36B71D227BCCF1400706337 /* Sources */,
				D36B71D327BCCF1400706337 /* Frameworks */,
				D36B71D427BCCF1400706337 /* Resources */,
			);
			buildRules = (
			);
			dependencies = (
				D36B71D827BCCF1400706337 /* PBXTargetDependency */,
			);
			name = GitRepoDemoTests;
			productName = GitRepoDemoTests;
			productReference = D36B71D627BCCF1400706337 /* GitRepoDemoTests.xctest */;
			productType = "com.apple.product-type.bundle.unit-test";
		};
		D36B71DF27BCCF1400706337 /* GitRepoDemoUITests */ = {
			isa = PBXNativeTarget;
			buildConfigurationList = D36B71F027BCCF1400706337 /* Build configuration list for PBXNativeTarget "GitRepoDemoUITests" */;
			buildPhases = (
				D36B71DC27BCCF1400706337 /* Sources */,
				D36B71DD27BCCF1400706337 /* Frameworks */,
				D36B71DE27BCCF1400706337 /* Resources */,
			);
			buildRules = (
			);
			dependencies = (
				D36B71E227BCCF1400706337 /* PBXTargetDependency */,
			);
			name = GitRepoDemoUITests;
			productName = GitRepoDemoUITests;
			productReference = D36B71E027BCCF1400706337 /* GitRepoDemoUITests.xctest */;
			productType = "com.apple.product-type.bundle.ui-testing";
		};
/* End PBXNativeTarget section */

/* Begin PBXProject section */
		D36B71B827BCCF1300706337 /* Project object */ = {
			isa = PBXProject;
			attributes = {
				BuildIndependentTargetsInParallel = 1;
				LastSwiftUpdateCheck = 1320;
				LastUpgradeCheck = 1320;
				TargetAttributes = {
					D36B71BF27BCCF1300706337 = {
						CreatedOnToolsVersion = 13.2.1;
					};
					D36B71D527BCCF1400706337 = {
						CreatedOnToolsVersion = 13.2.1;
						TestTargetID = D36B71BF27BCCF1300706337;
					};
					D36B71DF27BCCF1400706337 = {
						CreatedOnToolsVersion = 13.2.1;
						TestTargetID = D36B71BF27BCCF1300706337;
					};
				};
			};
			buildConfigurationList = D36B71BB27BCCF1300706337 /* Build configuration list for PBXProject "GitRepoDemo" */;
			compatibilityVersion = "Xcode 13.0";
			developmentRegion = en;
			hasScannedForEncodings = 0;
			knownRegions = (
				en,
				Base,
			);
			mainGroup = D36B71B727BCCF1300706337;
			productRefGroup = D36B71C127BCCF1300706337 /* Products */;
			projectDirPath = "";
			projectRoot = "";
			targets = (
				D36B71BF27BCCF1300706337 /* GitRepoDemo */,
				D36B71D527BCCF1400706337 /* GitRepoDemoTests */,
				D36B71DF27BCCF1400706337 /* GitRepoDemoUITests */,
			);
		};
/* End PBXProject section */

/* Begin PBXResourcesBuildPhase section */
		D36B71BE27BCCF1300706337 /* Resources */ = {
			isa = PBXResourcesBuildPhase;
			buildActionMask = 2147483647;
			files = (
				D36B71D027BCCF1400706337 /* LaunchScreen.storyboard in Resources */,
				D36B71CD27BCCF1400706337 /* Assets.xcassets in Resources */,
				D36B71CB27BCCF1300706337 /* Main.storyboard in Resources */,
			);
			runOnlyForDeploymentPostprocessing = 0;
		};
		D36B71D427BCCF1400706337 /* Resources */ = {
			isa = PBXResourcesBuildPhase;
			buildActionMask = 2147483647;
			files = (
			);
			runOnlyForDeploymentPostprocessing = 0;
		};
		D36B71DE27BCCF1400706337 /* Resources */ = {
			isa = PBXResourcesBuildPhase;
			buildActionMask = 2147483647;
			files = (
			);
			runOnlyForDeploymentPostprocessing = 0;
		};
/* End PBXResourcesBuildPhase section */

/* Begin PBXSourcesBuildPhase section */
		D36B71BC27BCCF1300706337 /* Sources */ = {
			isa = PBXSourcesBuildPhase;
			buildActionMask = 2147483647;
			files = (
				D36B71C827BCCF1300706337 /* ViewController.swift in Sources */,
				D36B71C427BCCF1300706337 /* AppDelegate.swift in Sources */,
				D36B71C627BCCF1300706337 /* SceneDelegate.swift in Sources */,
			);
			runOnlyForDeploymentPostprocessing = 0;
		};
		D36B71D227BCCF1400706337 /* Sources */ = {
			isa = PBXSourcesBuildPhase;
			buildActionMask = 2147483647;
			files = (
				D36B71DB27BCCF1400706337 /* GitRepoDemoTests.swift in Sources */,
			);
			runOnlyForDeploymentPostprocessing = 0;
		};
		D36B71DC27BCCF1400706337 /* Sources */ = {
			isa = PBXSourcesBuildPhase;
			buildActionMask = 2147483647;
			files = (
				D36B71E727BCCF1400706337 /* GitRepoDemoUITestsLaunchTests.swift in Sources */,
				D36B71E527BCCF1400706337 /* GitRepoDemoUITests.swift in Sources */,
			);
			runOnlyForDeploymentPostprocessing = 0;
		};
/* End PBXSourcesBuildPhase section */

/* Begin PBXTargetDependency section */
		D36B71D827BCCF1400706337 /* PBXTargetDependency */ = {
			isa = PBXTargetDependency;
			target = D36B71BF27BCCF1300706337 /* GitRepoDemo */;
			targetProxy = D36B71D727BCCF1400706337 /* PBXContainerItemProxy */;
		};
		D36B71E227BCCF1400706337 /* PBXTargetDependency */ = {
			isa = PBXTargetDependency;
			target = D36B71BF27BCCF1300706337 /* GitRepoDemo */;
			targetProxy = D36B71E127BCCF1400706337 /* PBXContainerItemProxy */;
		};
/* End PBXTargetDependency section */

/* Begin PBXVariantGroup section */
		D36B71C927BCCF1300706337 /* Main.storyboard */ = {
			isa = PBXVariantGroup;
			children = (
				D36B71CA27BCCF1300706337 /* Base */,
			);
			name = Main.storyboard;
			sourceTree = "<group>";
		};
		D36B71CE27BCCF1400706337 /* LaunchScreen.storyboard */ = {
			isa = PBXVariantGroup;
			children = (
				D36B71CF27BCCF1400706337 /* Base */,
			);
			name = LaunchScreen.storyboard;
			sourceTree = "<group>";
		};
/* End PBXVariantGroup section */

/* Begin XCBuildConfiguration section */
		D36B71E827BCCF1400706337 /* Debug */ = {
			isa = XCBuildConfiguration;
			buildSettings = {
				ALWAYS_SEARCH_USER_PATHS = NO;
				CLANG_ANALYZER_NONNULL = YES;
				CLANG_ANALYZER_NUMBER_OBJECT_CONVERSION = YES_AGGRESSIVE;
				CLANG_CXX_LANGUAGE_STANDARD = "gnu++17";
				CLANG_CXX_LIBRARY = "libc++";
				CLANG_ENABLE_MODULES = YES;
				CLANG_ENABLE_OBJC_ARC = YES;
				CLANG_ENABLE_OBJC_WEAK = YES;
				CLANG_WARN_BLOCK_CAPTURE_AUTORELEASING = YES;
				CLANG_WARN_BOOL_CONVERSION = YES;
				CLANG_WARN_COMMA = YES;
				CLANG_WARN_CONSTANT_CONVERSION = YES;
				CLANG_WARN_DEPRECATED_OBJC_IMPLEMENTATIONS = YES;
				CLANG_WARN_DIRECT_OBJC_ISA_USAGE = YES_ERROR;
				CLANG_WARN_DOCUMENTATION_COMMENTS = YES;
				CLANG_WARN_EMPTY_BODY = YES;
				CLANG_WARN_ENUM_CONVERSION = YES;
				CLANG_WARN_INFINITE_RECURSION = YES;
				CLANG_WARN_INT_CONVERSION = YES;
				CLANG_WARN_NON_LITERAL_NULL_CONVERSION = YES;
				CLANG_WARN_OBJC_IMPLICIT_RETAIN_SELF = YES;
				CLANG_WARN_OBJC_LITERAL_CONVERSION = YES;
				CLANG_WARN_OBJC_ROOT_CLASS = YES_ERROR;
				CLANG_WARN_QUOTED_INCLUDE_IN_FRAMEWORK_HEADER = YES;
				CLANG_WARN_RANGE_LOOP_ANALYSIS = YES;
				CLANG_WARN_STRICT_PROTOTYPES = YES;
				CLANG_WARN_SUSPICIOUS_MOVE = YES;
				CLANG_WARN_UNGUARDED_AVAILABILITY = YES_AGGRESSIVE;
				CLANG_WARN_UNREACHABLE_CODE = YES;
				CLANG_WARN__DUPLICATE_METHOD_MATCH = YES;
				COPY_PHASE_STRIP = NO;
				DEBUG_INFORMATION_FORMAT = dwarf;
				ENABLE_STRICT_OBJC_MSGSEND = YES;
				ENABLE_TESTABILITY = YES;
				GCC_C_LANGUAGE_STANDARD = gnu11;
				GCC_DYNAMIC_NO_PIC = NO;
				GCC_NO_COMMON_BLOCKS = YES;
				GCC_OPTIMIZATION_LEVEL = 0;
				GCC_PREPROCESSOR_DEFINITIONS = (
					"DEBUG=1",
					"$(inherited)",
				);
				GCC_WARN_64_TO_32_BIT_CONVERSION = YES;
				GCC_WARN_ABOUT_RETURN_TYPE = YES_ERROR;
				GCC_WARN_UNDECLARED_SELECTOR = YES;
				GCC_WARN_UNINITIALIZED_AUTOS = YES_AGGRESSIVE;
				GCC_WARN_UNUSED_FUNCTION = YES;
				GCC_WARN_UNUSED_VARIABLE = YES;
				IPHONEOS_DEPLOYMENT_TARGET = 15.2;
				MTL_ENABLE_DEBUG_INFO = INCLUDE_SOURCE;
				MTL_FAST_MATH = YES;
				ONLY_ACTIVE_ARCH = YES;
				SDKROOT = iphoneos;
				SWIFT_ACTIVE_COMPILATION_CONDITIONS = DEBUG;
				SWIFT_OPTIMIZATION_LEVEL = "-Onone";
			};
			name = Debug;
		};
		D36B71E927BCCF1400706337 /* Release */ = {
			isa = XCBuildConfiguration;
			buildSettings = {
				ALWAYS_SEARCH_USER_PATHS = NO;
				CLANG_ANALYZER_NONNULL = YES;
				CLANG_ANALYZER_NUMBER_OBJECT_CONVERSION = YES_AGGRESSIVE;
				CLANG_CXX_LANGUAGE_STANDARD = "gnu++17";
				CLANG_CXX_LIBRARY = "libc++";
				CLANG_ENABLE_MODULES = YES;
				CLANG_ENABLE_OBJC_ARC = YES;
				CLANG_ENABLE_OBJC_WEAK = YES;
				CLANG_WARN_BLOCK_CAPTURE_AUTORELEASING = YES;
				CLANG_WARN_BOOL_CONVERSION = YES;
				CLANG_WARN_COMMA = YES;
				CLANG_WARN_CONSTANT_CONVERSION = YES;
				CLANG_WARN_DEPRECATED_OBJC_IMPLEMENTATIONS = YES;
				CLANG_WARN_DIRECT_OBJC_ISA_USAGE = YES_ERROR;
				CLANG_WARN_DOCUMENTATION_COMMENTS = YES;
				CLANG_WARN_EMPTY_BODY = YES;
				CLANG_WARN_ENUM_CONVERSION = YES;
				CLANG_WARN_INFINITE_RECURSION = YES;
				CLANG_WARN_INT_CONVERSION = YES;
				CLANG_WARN_NON_LITERAL_NULL_CONVERSION = YES;
				CLANG_WARN_OBJC_IMPLICIT_RETAIN_SELF = YES;
				CLANG_WARN_OBJC_LITERAL_CONVERSION = YES;
				CLANG_WARN_OBJC_ROOT_CLASS = YES_ERROR;
				CLANG_WARN_QUOTED_INCLUDE_IN_FRAMEWORK_HEADER = YES;
				CLANG_WARN_RANGE_LOOP_ANALYSIS = YES;
				CLANG_WARN_STRICT_PROTOTYPES = YES;
				CLANG_WARN_SUSPICIOUS_MOVE = YES;
				CLANG_WARN_UNGUARDED_AVAILABILITY = YES_AGGRESSIVE;
				CLANG_WARN_UNREACHABLE_CODE = YES;
				CLANG_WARN__DUPLICATE_METHOD_MATCH = YES;
				COPY_PHASE_STRIP = NO;
				DEBUG_INFORMATION_FORMAT = "dwarf-with-dsym";
				ENABLE_NS_ASSERTIONS = NO;
				ENABLE_STRICT_OBJC_MSGSEND = YES;
				GCC_C_LANGUAGE_STANDARD = gnu11;
				GCC_NO_COMMON_BLOCKS = YES;
				GCC_WARN_64_TO_32_BIT_CONVERSION = YES;
				GCC_WARN_ABOUT_RETURN_TYPE = YES_ERROR;
				GCC_WARN_UNDECLARED_SELECTOR = YES;
				GCC_WARN_UNINITIALIZED_AUTOS = YES_AGGRESSIVE;
				GCC_WARN_UNUSED_FUNCTION = YES;
				GCC_WARN_UNUSED_VARIABLE = YES;
				IPHONEOS_DEPLOYMENT_TARGET = 15.2;
				MTL_ENABLE_DEBUG_INFO = NO;
				MTL_FAST_MATH = YES;
				SDKROOT = iphoneos;
				SWIFT_COMPILATION_MODE = wholemodule;
				SWIFT_OPTIMIZATION_LEVEL = "-O";
				VALIDATE_PRODUCT = YES;
			};
			name = Release;
		};
		D36B71EB27BCCF1400706337 /* Debug */ = {
			isa = XCBuildConfiguration;
			buildSettings = {
				ASSETCATALOG_COMPILER_APPICON_NAME = AppIcon;
				ASSETCATALOG_COMPILER_GLOBAL_ACCENT_COLOR_NAME = AccentColor;
				CODE_SIGN_STYLE = Automatic;
				CURRENT_PROJECT_VERSION = 1;
				GENERATE_INFOPLIST_FILE = YES;
				INFOPLIST_FILE = GitRepoDemo/Info.plist;
				INFOPLIST_KEY_UIApplicationSupportsIndirectInputEvents = YES;
				INFOPLIST_KEY_UILaunchStoryboardName = LaunchScreen;
				INFOPLIST_KEY_UIMainStoryboardFile = Main;
				INFOPLIST_KEY_UISupportedInterfaceOrientations_iPad = "UIInterfaceOrientationPortrait UIInterfaceOrientationPortraitUpsideDown UIInterfaceOrientationLandscapeLeft UIInterfaceOrientationLandscapeRight";
				INFOPLIST_KEY_UISupportedInterfaceOrientations_iPhone = "UIInterfaceOrientationPortrait UIInterfaceOrientationLandscapeLeft UIInterfaceOrientationLandscapeRight";
				LD_RUNPATH_SEARCH_PATHS = (
					"$(inherited)",
					"@executable_path/Frameworks",
				);
				MARKETING_VERSION = 1.0;
				PRODUCT_BUNDLE_IDENTIFIER = comviva.GitRepoDemo;
				PRODUCT_NAME = "$(TARGET_NAME)";
				SWIFT_EMIT_LOC_STRINGS = YES;
				SWIFT_VERSION = 5.0;
				TARGETED_DEVICE_FAMILY = "1,2";
			};
			name = Debug;
		};
		D36B71EC27BCCF1400706337 /* Release */ = {
			isa = XCBuildConfiguration;
			buildSettings = {
				ASSETCATALOG_COMPILER_APPICON_NAME = AppIcon;
				ASSETCATALOG_COMPILER_GLOBAL_ACCENT_COLOR_NAME = AccentColor;
				CODE_SIGN_STYLE = Automatic;
				CURRENT_PROJECT_VERSION = 1;
				GENERATE_INFOPLIST_FILE = YES;
				INFOPLIST_FILE = GitRepoDemo/Info.plist;
				INFOPLIST_KEY_UIApplicationSupportsIndirectInputEvents = YES;
				INFOPLIST_KEY_UILaunchStoryboardName = LaunchScreen;
				INFOPLIST_KEY_UIMainStoryboardFile = Main;
				INFOPLIST_KEY_UISupportedInterfaceOrientations_iPad = "UIInterfaceOrientationPortrait UIInterfaceOrientationPortraitUpsideDown UIInterfaceOrientationLandscapeLeft UIInterfaceOrientationLandscapeRight";
				INFOPLIST_KEY_UISupportedInterfaceOrientations_iPhone = "UIInterfaceOrientationPortrait UIInterfaceOrientationLandscapeLeft UIInterfaceOrientationLandscapeRight";
				LD_RUNPATH_SEARCH_PATHS = (
					"$(inherited)",
					"@executable_path/Frameworks",
				);
				MARKETING_VERSION = 1.0;
				PRODUCT_BUNDLE_IDENTIFIER = comviva.GitRepoDemo;
				PRODUCT_NAME = "$(TARGET_NAME)";
				SWIFT_EMIT_LOC_STRINGS = YES;
				SWIFT_VERSION = 5.0;
				TARGETED_DEVICE_FAMILY = "1,2";
			};
			name = Release;
		};
		D36B71EE27BCCF1400706337 /* Debug */ = {
			isa = XCBuildConfiguration;
			buildSettings = {
				ALWAYS_EMBED_SWIFT_STANDARD_LIBRARIES = YES;
				BUNDLE_LOADER = "$(TEST_HOST)";
				CODE_SIGN_STYLE = Automatic;
				CURRENT_PROJECT_VERSION = 1;
				GENERATE_INFOPLIST_FILE = YES;
				IPHONEOS_DEPLOYMENT_TARGET = 15.2;
				MARKETING_VERSION = 1.0;
				PRODUCT_BUNDLE_IDENTIFIER = comviva.GitRepoDemoTests;
				PRODUCT_NAME = "$(TARGET_NAME)";
				SWIFT_EMIT_LOC_STRINGS = NO;
				SWIFT_VERSION = 5.0;
				TARGETED_DEVICE_FAMILY = "1,2";
				TEST_HOST = "$(BUILT_PRODUCTS_DIR)/GitRepoDemo.app/GitRepoDemo";
			};
			name = Debug;
		};
		D36B71EF27BCCF1400706337 /* Release */ = {
			isa = XCBuildConfiguration;
			buildSettings = {
				ALWAYS_EMBED_SWIFT_STANDARD_LIBRARIES = YES;
				BUNDLE_LOADER = "$(TEST_HOST)";
				CODE_SIGN_STYLE = Automatic;
				CURRENT_PROJECT_VERSION = 1;
				GENERATE_INFOPLIST_FILE = YES;
				IPHONEOS_DEPLOYMENT_TARGET = 15.2;
				MARKETING_VERSION = 1.0;
				PRODUCT_BUNDLE_IDENTIFIER = comviva.GitRepoDemoTests;
				PRODUCT_NAME = "$(TARGET_NAME)";
				SWIFT_EMIT_LOC_STRINGS = NO;
				SWIFT_VERSION = 5.0;
				TARGETED_DEVICE_FAMILY = "1,2";
				TEST_HOST = "$(BUILT_PRODUCTS_DIR)/GitRepoDemo.app/GitRepoDemo";
			};
			name = Release;
		};
		D36B71F127BCCF1400706337 /* Debug */ = {
			isa = XCBuildConfiguration;
			buildSettings = {
				ALWAYS_EMBED_SWIFT_STANDARD_LIBRARIES = YES;
				CODE_SIGN_STYLE = Automatic;
				CURRENT_PROJECT_VERSION = 1;
				GENERATE_INFOPLIST_FILE = YES;
				MARKETING_VERSION = 1.0;
				PRODUCT_BUNDLE_IDENTIFIER = comviva.GitRepoDemoUITests;
				PRODUCT_NAME = "$(TARGET_NAME)";
				SWIFT_EMIT_LOC_STRINGS = NO;
				SWIFT_VERSION = 5.0;
				TARGETED_DEVICE_FAMILY = "1,2";
				TEST_TARGET_NAME = GitRepoDemo;
			};
			name = Debug;
		};
		D36B71F227BCCF1400706337 /* Release */ = {
			isa = XCBuildConfiguration;
			buildSettings = {
				ALWAYS_EMBED_SWIFT_STANDARD_LIBRARIES = YES;
				CODE_SIGN_STYLE = Automatic;
				CURRENT_PROJECT_VERSION = 1;
				GENERATE_INFOPLIST_FILE = YES;
				MARKETING_VERSION = 1.0;
				PRODUCT_BUNDLE_IDENTIFIER = comviva.GitRepoDemoUITests;
				PRODUCT_NAME = "$(TARGET_NAME)";
				SWIFT_EMIT_LOC_STRINGS = NO;
				SWIFT_VERSION = 5.0;
				TARGETED_DEVICE_FAMILY = "1,2";
				TEST_TARGET_NAME = GitRepoDemo;
			};
			name = Release;
		};
/* End XCBuildConfiguration section */

/* Begin XCConfigurationList section */
		D36B71BB27BCCF1300706337 /* Build configuration list for PBXProject "GitRepoDemo" */ = {
			isa = XCConfigurationList;
			buildConfigurations = (
				D36B71E827BCCF1400706337 /* Debug */,
				D36B71E927BCCF1400706337 /* Release */,
			);
			defaultConfigurationIsVisible = 0;
			defaultConfigurationName = Release;
		};
		D36B71EA27BCCF1400706337 /* Build configuration list for PBXNativeTarget "GitRepoDemo" */ = {
			isa = XCConfigurationList;
			buildConfigurations = (
				D36B71EB27BCCF1400706337 /* Debug */,
				D36B71EC27BCCF1400706337 /* Release */,
			);
			defaultConfigurationIsVisible = 0;
			defaultConfigurationName = Release;
		};
		D36B71ED27BCCF1400706337 /* Build configuration list for PBXNativeTarget "GitRepoDemoTests" */ = {
			isa = XCConfigurationList;
			buildConfigurations = (
				D36B71EE27BCCF1400706337 /* Debug */,
				D36B71EF27BCCF1400706337 /* Release */,
			);
			defaultConfigurationIsVisible = 0;
			defaultConfigurationName = Release;
		};
		D36B71F027BCCF1400706337 /* Build configuration list for PBXNativeTarget "GitRepoDemoUITests" */ = {
			isa = XCConfigurationList;
			buildConfigurations = (
				D36B71F127BCCF1400706337 /* Debug */,
				D36B71F227BCCF1400706337 /* Release */,
			);
			defaultConfigurationIsVisible = 0;
			defaultConfigurationName = Release;
		};
/* End XCConfigurationList section */
	};
	rootObject = D36B71B827BCCF1300706337 /* Project object */;
}
